
Microsoft Visual Studio Solution File, Format Version 12.00
# Visual Studio Version 16
VisualStudioVersion = 16.0.31205.134
MinimumVisualStudioVersion = 10.0.40219.1
Project("{9A19103F-16F7-4668-BE54-9A1E7A4F7556}") = "ExampleProject", "ExampleProject.csproj", "{0B54D706-D60F-462C-AF49-66D601896DE2}"
EndProject
Project("{FAE04EC0-301F-11D3-BF4B-00C04F79EFBC}") = "ExampleProjectTests", "..\ExampleProjectTests\ExampleProjectTests.csproj", "{D9F020DE-7B87-4663-B569-025DD3B3A886}"
EndProject
Global
	GlobalSection(SolutionConfigurationPlatforms) = preSolution
		Debug|Any CPU = Debug|Any CPU
		Release|Any CPU = Release|Any CPU
	EndGlobalSection
	GlobalSection(ProjectConfigurationPlatforms) = postSolution
		{0B54D706-D60F-462C-AF49-66D601896DE2}.Debug|Any CPU.ActiveCfg = Debug|Any CPU
		{0B54D706-D60F-462C-AF49-66D601896DE2}.Debug|Any CPU.Build.0 = Debug|Any CPU
		{0B54D706-D60F-462C-AF49-66D601896DE2}.Release|Any CPU.ActiveCfg = Release|Any CPU
		{0B54D706-D60F-462C-AF49-66D601896DE2}.Release|Any CPU.Build.0 = Release|Any CPU
		{D9F020DE-7B87-4663-B569-025DD3B3A886}.Debug|Any CPU.ActiveCfg = Debug|Any CPU
		{D9F020DE-7B87-4663-B569-025DD3B3A886}.Debug|Any CPU.Build.0 = Debug|Any CPU
		{D9F020DE-7B87-4663-B569-025DD3B3A886}.Release|Any CPU.ActiveCfg = Release|Any CPU
		{D9F020DE-7B87-4663-B569-025DD3B3A886}.Release|Any CPU.Build.0 = Release|Any CPU
	EndGlobalSection
	GlobalSection(SolutionProperties) = preSolution
		HideSolutionNode = FALSE
	EndGlobalSection
	GlobalSection(ExtensibilityGlobals) = postSolution
		SolutionGuid = {B66EBCCB-A46F-4569-8F3D-05FC89408FEA}
	EndGlobalSection
EndGlobal
